
Microsoft Visual Studio Solution File, Format Version 12.00
# Visual Studio Version 17
VisualStudioVersion = 17.9.34616.47
MinimumVisualStudioVersion = 10.0.40219.1
Project("{9A19103F-16F7-4668-BE54-9A1E7A4F7556}") = "Parking_projekt", "Parking-projekt\Parking_projekt.csproj", "{2ECCADBE-E2AA-42E1-B466-03EE7E42C910}"
EndProject
Global
	GlobalSection(SolutionConfigurationPlatforms) = preSolution
		Debug|Any CPU = Debug|Any CPU
		Release|Any CPU = Release|Any CPU
	EndGlobalSection
	GlobalSection(ProjectConfigurationPlatforms) = postSolution
		{2ECCADBE-E2AA-42E1-B466-03EE7E42C910}.Debug|Any CPU.ActiveCfg = Debug|Any CPU
		{2ECCADBE-E2AA-42E1-B466-03EE7E42C910}.Debug|Any CPU.Build.0 = Debug|Any CPU
		{2ECCADBE-E2AA-42E1-B466-03EE7E42C910}.Release|Any CPU.ActiveCfg = Release|Any CPU
		{2ECCADBE-E2AA-42E1-B466-03EE7E42C910}.Release|Any CPU.Build.0 = Release|Any CPU
	EndGlobalSection
	GlobalSection(SolutionProperties) = preSolution
		HideSolutionNode = FALSE
	EndGlobalSection
	GlobalSection(ExtensibilityGlobals) = postSolution
		SolutionGuid = {233A8DB0-089C-43D1-9B9B-C5D370B66564}
	EndGlobalSection
EndGlobal
